// !$*UTF8*$!
{
	archiveVersion = 1;
	classes = {
	};
	objectVersion = 50;
	objects = {

/* Begin PBXBuildFile section */
		2B34DFB2257CFFA20004CEF4 /* Pokedex_SwiftUIApp.swift in Sources */ = {isa = PBXBuildFile; fileRef = 2B34DFB1257CFFA20004CEF4 /* Pokedex_SwiftUIApp.swift */; };
		2B34DFB6257CFFA30004CEF4 /* Assets.xcassets in Resources */ = {isa = PBXBuildFile; fileRef = 2B34DFB5257CFFA30004CEF4 /* Assets.xcassets */; };
		2B34DFB9257CFFA30004CEF4 /* Preview Assets.xcassets in Resources */ = {isa = PBXBuildFile; fileRef = 2B34DFB8257CFFA30004CEF4 /* Preview Assets.xcassets */; };
		2B34DFC4257CFFA40004CEF4 /* Pokedex_SwiftUITests.swift in Sources */ = {isa = PBXBuildFile; fileRef = 2B34DFC3257CFFA40004CEF4 /* Pokedex_SwiftUITests.swift */; };
		2B34DFCF257CFFA40004CEF4 /* Pokedex_SwiftUIUITests.swift in Sources */ = {isa = PBXBuildFile; fileRef = 2B34DFCE257CFFA40004CEF4 /* Pokedex_SwiftUIUITests.swift */; };
		2BA15597257D0B5600B9EADA /* ImagesCache.swift in Sources */ = {isa = PBXBuildFile; fileRef = 2BA15588257D0B5600B9EADA /* ImagesCache.swift */; };
		2BA15598257D0B5600B9EADA /* PokeDetail.swift in Sources */ = {isa = PBXBuildFile; fileRef = 2BA1558A257D0B5600B9EADA /* PokeDetail.swift */; };
		2BA15599257D0B5600B9EADA /* PokeStat.swift in Sources */ = {isa = PBXBuildFile; fileRef = 2BA1558B257D0B5600B9EADA /* PokeStat.swift */; };
		2BA1559A257D0B5600B9EADA /* PokePreview.swift in Sources */ = {isa = PBXBuildFile; fileRef = 2BA1558C257D0B5600B9EADA /* PokePreview.swift */; };
		2BA1559B257D0B5600B9EADA /* PokeImage.swift in Sources */ = {isa = PBXBuildFile; fileRef = 2BA1558D257D0B5600B9EADA /* PokeImage.swift */; };
		2BA1559C257D0B5600B9EADA /* PokeResource.swift in Sources */ = {isa = PBXBuildFile; fileRef = 2BA1558E257D0B5600B9EADA /* PokeResource.swift */; };
		2BA1559D257D0B5600B9EADA /* PokeAbility.swift in Sources */ = {isa = PBXBuildFile; fileRef = 2BA1558F257D0B5600B9EADA /* PokeAbility.swift */; };
		2BA1559E257D0B5600B9EADA /* PokeType.swift in Sources */ = {isa = PBXBuildFile; fileRef = 2BA15590257D0B5600B9EADA /* PokeType.swift */; };
		2BA1559F257D0B5600B9EADA /* PokePreviewList.swift in Sources */ = {isa = PBXBuildFile; fileRef = 2BA15591257D0B5600B9EADA /* PokePreviewList.swift */; };
		2BA155A0257D0B5600B9EADA /* Request.swift in Sources */ = {isa = PBXBuildFile; fileRef = 2BA15593257D0B5600B9EADA /* Request.swift */; };
		2BA155A1257D0B5600B9EADA /* NetworkContext.swift in Sources */ = {isa = PBXBuildFile; fileRef = 2BA15594257D0B5600B9EADA /* NetworkContext.swift */; };
		2BA155A2257D0B5600B9EADA /* NetworkError.swift in Sources */ = {isa = PBXBuildFile; fileRef = 2BA15595257D0B5600B9EADA /* NetworkError.swift */; };
		2BA155A3257D0B5600B9EADA /* NetworkConfiguration.swift in Sources */ = {isa = PBXBuildFile; fileRef = 2BA15596257D0B5600B9EADA /* NetworkConfiguration.swift */; };
		2BA155BC257D0B9600B9EADA /* Global.swift in Sources */ = {isa = PBXBuildFile; fileRef = 2BA155A8257D0B9600B9EADA /* Global.swift */; };
		2BA155BD257D0B9600B9EADA /* MainQueueDispatcher.swift in Sources */ = {isa = PBXBuildFile; fileRef = 2BA155AA257D0B9600B9EADA /* MainQueueDispatcher.swift */; };
		2BA155BE257D0B9600B9EADA /* UIWindow+Presenter.swift in Sources */ = {isa = PBXBuildFile; fileRef = 2BA155AC257D0B9600B9EADA /* UIWindow+Presenter.swift */; };
		2BA155BF257D0B9600B9EADA /* UIViewController+Present.swift in Sources */ = {isa = PBXBuildFile; fileRef = 2BA155AD257D0B9600B9EADA /* UIViewController+Present.swift */; };
		2BA155C0257D0B9600B9EADA /* UINavigationController+Present.swift in Sources */ = {isa = PBXBuildFile; fileRef = 2BA155AE257D0B9600B9EADA /* UINavigationController+Present.swift */; };
		2BA155C1257D0B9600B9EADA /* UIAlertController+Error.swift in Sources */ = {isa = PBXBuildFile; fileRef = 2BA155AF257D0B9600B9EADA /* UIAlertController+Error.swift */; };
		2BA155C2257D0B9600B9EADA /* UrlSession+UrlSessionProtocol.swift in Sources */ = {isa = PBXBuildFile; fileRef = 2BA155B0257D0B9600B9EADA /* UrlSession+UrlSessionProtocol.swift */; };
		2BA155C3257D0B9600B9EADA /* String+Utils.swift in Sources */ = {isa = PBXBuildFile; fileRef = 2BA155B1257D0B9600B9EADA /* String+Utils.swift */; };
		2BA155C4257D0B9600B9EADA /* UrlSessionDataTask+Protocol.swift in Sources */ = {isa = PBXBuildFile; fileRef = 2BA155B2257D0B9600B9EADA /* UrlSessionDataTask+Protocol.swift */; };
		2BA155C5257D0B9600B9EADA /* Dispatcher.swift in Sources */ = {isa = PBXBuildFile; fileRef = 2BA155B4257D0B9600B9EADA /* Dispatcher.swift */; };
		2BA155C6257D0B9600B9EADA /* NetworkContextProtocol.swift in Sources */ = {isa = PBXBuildFile; fileRef = 2BA155B5257D0B9600B9EADA /* NetworkContextProtocol.swift */; };
		2BA155C7257D0B9600B9EADA /* NetworkConfigurationProtocol.swift in Sources */ = {isa = PBXBuildFile; fileRef = 2BA155B6257D0B9600B9EADA /* NetworkConfigurationProtocol.swift */; };
		2BA155C8257D0B9600B9EADA /* Presenter.swift in Sources */ = {isa = PBXBuildFile; fileRef = 2BA155B7257D0B9600B9EADA /* Presenter.swift */; };
		2BA155C9257D0B9600B9EADA /* Cancellable.swift in Sources */ = {isa = PBXBuildFile; fileRef = 2BA155B8257D0B9600B9EADA /* Cancellable.swift */; };
		2BA155CA257D0B9600B9EADA /* UrlSessionProtocol.swift in Sources */ = {isa = PBXBuildFile; fileRef = 2BA155B9257D0B9600B9EADA /* UrlSessionProtocol.swift */; };
		2BA155CB257D0B9600B9EADA /* ImagesCacheProtocol.swift in Sources */ = {isa = PBXBuildFile; fileRef = 2BA155BA257D0B9600B9EADA /* ImagesCacheProtocol.swift */; };
		2BA155CC257D0B9600B9EADA /* UrlSessionDataTaskProtocol.swift in Sources */ = {isa = PBXBuildFile; fileRef = 2BA155BB257D0B9600B9EADA /* UrlSessionDataTaskProtocol.swift */; };
		2BA155DB257D0E8500B9EADA /* PokeListCellViewModel.swift in Sources */ = {isa = PBXBuildFile; fileRef = 2BA155DA257D0E8500B9EADA /* PokeListCellViewModel.swift */; };
		2BA155E0257D0E9A00B9EADA /* PokeListCellView.swift in Sources */ = {isa = PBXBuildFile; fileRef = 2BA155DF257D0E9A00B9EADA /* PokeListCellView.swift */; };
		2BA155E6257D157800B9EADA /* Color+Definitions.swift in Sources */ = {isa = PBXBuildFile; fileRef = 2BA155E5257D157800B9EADA /* Color+Definitions.swift */; };
		2BA155EE257D158800B9EADA /* Font+Definitions.swift in Sources */ = {isa = PBXBuildFile; fileRef = 2BA155ED257D158800B9EADA /* Font+Definitions.swift */; };
		2BA155F7257D16E500B9EADA /* Signika-Light.ttf in Resources */ = {isa = PBXBuildFile; fileRef = 2BA155F4257D16E500B9EADA /* Signika-Light.ttf */; };
		2BA155F8257D16E500B9EADA /* Signika-Regular.ttf in Resources */ = {isa = PBXBuildFile; fileRef = 2BA155F5257D16E500B9EADA /* Signika-Regular.ttf */; };
		2BA155F9257D16E500B9EADA /* Signika-SemiBold.ttf in Resources */ = {isa = PBXBuildFile; fileRef = 2BA155F6257D16E500B9EADA /* Signika-SemiBold.ttf */; };
		2BA155FE257D1B6C00B9EADA /* Image+Data.swift in Sources */ = {isa = PBXBuildFile; fileRef = 2BA155FD257D1B6C00B9EADA /* Image+Data.swift */; };
		2BA15603257D1DBE00B9EADA /* CGFloat+Definitions.swift in Sources */ = {isa = PBXBuildFile; fileRef = 2BA15602257D1DBE00B9EADA /* CGFloat+Definitions.swift */; };
		2BA15608257D4FC300B9EADA /* View+Hide.swift in Sources */ = {isa = PBXBuildFile; fileRef = 2BA15607257D4FC200B9EADA /* View+Hide.swift */; };
		2BA1561B257D531900B9EADA /* PokeDetailCoordinator.swift in Sources */ = {isa = PBXBuildFile; fileRef = 2BA1560E257D531800B9EADA /* PokeDetailCoordinator.swift */; };
		2BA1561C257D531900B9EADA /* PokeSlotViewModel.swift in Sources */ = {isa = PBXBuildFile; fileRef = 2BA15611257D531800B9EADA /* PokeSlotViewModel.swift */; };
		2BA1561E257D531900B9EADA /* PokeInfoViewModel.swift in Sources */ = {isa = PBXBuildFile; fileRef = 2BA15614257D531800B9EADA /* PokeInfoViewModel.swift */; };
		2BA15621257D531900B9EADA /* PokeImageViewModel.swift in Sources */ = {isa = PBXBuildFile; fileRef = 2BA15618257D531800B9EADA /* PokeImageViewModel.swift */; };
		2BA15623257D531900B9EADA /* PokeDetailViewModel.swift in Sources */ = {isa = PBXBuildFile; fileRef = 2BA1561A257D531900B9EADA /* PokeDetailViewModel.swift */; };
		2BA1562B257D534200B9EADA /* PokeDetailView.swift in Sources */ = {isa = PBXBuildFile; fileRef = 2BA1562A257D534200B9EADA /* PokeDetailView.swift */; };
		2BAB133B257D013C00C9F0B5 /* PokeListCoordinator.swift in Sources */ = {isa = PBXBuildFile; fileRef = 2BAB132F257D013C00C9F0B5 /* PokeListCoordinator.swift */; };
		2BAB1341257D013C00C9F0B5 /* PokeListViewModel.swift in Sources */ = {isa = PBXBuildFile; fileRef = 2BAB1339257D013C00C9F0B5 /* PokeListViewModel.swift */; };
		2BAB1342257D013C00C9F0B5 /* PokeListView.swift in Sources */ = {isa = PBXBuildFile; fileRef = 2BAB133A257D013C00C9F0B5 /* PokeListView.swift */; };
/* End PBXBuildFile section */

/* Begin PBXContainerItemProxy section */
		2B34DFC0257CFFA40004CEF4 /* PBXContainerItemProxy */ = {
			isa = PBXContainerItemProxy;
			containerPortal = 2B34DFA6257CFFA20004CEF4 /* Project object */;
			proxyType = 1;
			remoteGlobalIDString = 2B34DFAD257CFFA20004CEF4;
			remoteInfo = "Pokedex-SwiftUI";
		};
		2B34DFCB257CFFA40004CEF4 /* PBXContainerItemProxy */ = {
			isa = PBXContainerItemProxy;
			containerPortal = 2B34DFA6257CFFA20004CEF4 /* Project object */;
			proxyType = 1;
			remoteGlobalIDString = 2B34DFAD257CFFA20004CEF4;
			remoteInfo = "Pokedex-SwiftUI";
		};
/* End PBXContainerItemProxy section */

/* Begin PBXFileReference section */
		2B34DFAE257CFFA20004CEF4 /* Pokedex-SwiftUI.app */ = {isa = PBXFileReference; explicitFileType = wrapper.application; includeInIndex = 0; path = "Pokedex-SwiftUI.app"; sourceTree = BUILT_PRODUCTS_DIR; };
		2B34DFB1257CFFA20004CEF4 /* Pokedex_SwiftUIApp.swift */ = {isa = PBXFileReference; lastKnownFileType = sourcecode.swift; path = Pokedex_SwiftUIApp.swift; sourceTree = "<group>"; };
		2B34DFB5257CFFA30004CEF4 /* Assets.xcassets */ = {isa = PBXFileReference; lastKnownFileType = folder.assetcatalog; path = Assets.xcassets; sourceTree = "<group>"; };
		2B34DFB8257CFFA30004CEF4 /* Preview Assets.xcassets */ = {isa = PBXFileReference; lastKnownFileType = folder.assetcatalog; path = "Preview Assets.xcassets"; sourceTree = "<group>"; };
		2B34DFBA257CFFA30004CEF4 /* Info.plist */ = {isa = PBXFileReference; lastKnownFileType = text.plist.xml; path = Info.plist; sourceTree = "<group>"; };
		2B34DFBF257CFFA40004CEF4 /* Pokedex-SwiftUITests.xctest */ = {isa = PBXFileReference; explicitFileType = wrapper.cfbundle; includeInIndex = 0; path = "Pokedex-SwiftUITests.xctest"; sourceTree = BUILT_PRODUCTS_DIR; };
		2B34DFC3257CFFA40004CEF4 /* Pokedex_SwiftUITests.swift */ = {isa = PBXFileReference; lastKnownFileType = sourcecode.swift; path = Pokedex_SwiftUITests.swift; sourceTree = "<group>"; };
		2B34DFC5257CFFA40004CEF4 /* Info.plist */ = {isa = PBXFileReference; lastKnownFileType = text.plist.xml; path = Info.plist; sourceTree = "<group>"; };
		2B34DFCA257CFFA40004CEF4 /* Pokedex-SwiftUIUITests.xctest */ = {isa = PBXFileReference; explicitFileType = wrapper.cfbundle; includeInIndex = 0; path = "Pokedex-SwiftUIUITests.xctest"; sourceTree = BUILT_PRODUCTS_DIR; };
		2B34DFCE257CFFA40004CEF4 /* Pokedex_SwiftUIUITests.swift */ = {isa = PBXFileReference; lastKnownFileType = sourcecode.swift; path = Pokedex_SwiftUIUITests.swift; sourceTree = "<group>"; };
		2B34DFD0257CFFA40004CEF4 /* Info.plist */ = {isa = PBXFileReference; lastKnownFileType = text.plist.xml; path = Info.plist; sourceTree = "<group>"; };
		2BA15588257D0B5600B9EADA /* ImagesCache.swift */ = {isa = PBXFileReference; fileEncoding = 4; lastKnownFileType = sourcecode.swift; path = ImagesCache.swift; sourceTree = "<group>"; };
		2BA1558A257D0B5600B9EADA /* PokeDetail.swift */ = {isa = PBXFileReference; fileEncoding = 4; lastKnownFileType = sourcecode.swift; path = PokeDetail.swift; sourceTree = "<group>"; };
		2BA1558B257D0B5600B9EADA /* PokeStat.swift */ = {isa = PBXFileReference; fileEncoding = 4; lastKnownFileType = sourcecode.swift; path = PokeStat.swift; sourceTree = "<group>"; };
		2BA1558C257D0B5600B9EADA /* PokePreview.swift */ = {isa = PBXFileReference; fileEncoding = 4; lastKnownFileType = sourcecode.swift; path = PokePreview.swift; sourceTree = "<group>"; };
		2BA1558D257D0B5600B9EADA /* PokeImage.swift */ = {isa = PBXFileReference; fileEncoding = 4; lastKnownFileType = sourcecode.swift; path = PokeImage.swift; sourceTree = "<group>"; };
		2BA1558E257D0B5600B9EADA /* PokeResource.swift */ = {isa = PBXFileReference; fileEncoding = 4; lastKnownFileType = sourcecode.swift; path = PokeResource.swift; sourceTree = "<group>"; };
		2BA1558F257D0B5600B9EADA /* PokeAbility.swift */ = {isa = PBXFileReference; fileEncoding = 4; lastKnownFileType = sourcecode.swift; path = PokeAbility.swift; sourceTree = "<group>"; };
		2BA15590257D0B5600B9EADA /* PokeType.swift */ = {isa = PBXFileReference; fileEncoding = 4; lastKnownFileType = sourcecode.swift; path = PokeType.swift; sourceTree = "<group>"; };
		2BA15591257D0B5600B9EADA /* PokePreviewList.swift */ = {isa = PBXFileReference; fileEncoding = 4; lastKnownFileType = sourcecode.swift; path = PokePreviewList.swift; sourceTree = "<group>"; };
		2BA15593257D0B5600B9EADA /* Request.swift */ = {isa = PBXFileReference; fileEncoding = 4; lastKnownFileType = sourcecode.swift; path = Request.swift; sourceTree = "<group>"; };
		2BA15594257D0B5600B9EADA /* NetworkContext.swift */ = {isa = PBXFileReference; fileEncoding = 4; lastKnownFileType = sourcecode.swift; path = NetworkContext.swift; sourceTree = "<group>"; };
		2BA15595257D0B5600B9EADA /* NetworkError.swift */ = {isa = PBXFileReference; fileEncoding = 4; lastKnownFileType = sourcecode.swift; path = NetworkError.swift; sourceTree = "<group>"; };
		2BA15596257D0B5600B9EADA /* NetworkConfiguration.swift */ = {isa = PBXFileReference; fileEncoding = 4; lastKnownFileType = sourcecode.swift; path = NetworkConfiguration.swift; sourceTree = "<group>"; };
		2BA155A8257D0B9600B9EADA /* Global.swift */ = {isa = PBXFileReference; fileEncoding = 4; lastKnownFileType = sourcecode.swift; path = Global.swift; sourceTree = "<group>"; };
		2BA155AA257D0B9600B9EADA /* MainQueueDispatcher.swift */ = {isa = PBXFileReference; fileEncoding = 4; lastKnownFileType = sourcecode.swift; path = MainQueueDispatcher.swift; sourceTree = "<group>"; };
		2BA155AC257D0B9600B9EADA /* UIWindow+Presenter.swift */ = {isa = PBXFileReference; fileEncoding = 4; lastKnownFileType = sourcecode.swift; path = "UIWindow+Presenter.swift"; sourceTree = "<group>"; };
		2BA155AD257D0B9600B9EADA /* UIViewController+Present.swift */ = {isa = PBXFileReference; fileEncoding = 4; lastKnownFileType = sourcecode.swift; path = "UIViewController+Present.swift"; sourceTree = "<group>"; };
		2BA155AE257D0B9600B9EADA /* UINavigationController+Present.swift */ = {isa = PBXFileReference; fileEncoding = 4; lastKnownFileType = sourcecode.swift; path = "UINavigationController+Present.swift"; sourceTree = "<group>"; };
		2BA155AF257D0B9600B9EADA /* UIAlertController+Error.swift */ = {isa = PBXFileReference; fileEncoding = 4; lastKnownFileType = sourcecode.swift; path = "UIAlertController+Error.swift"; sourceTree = "<group>"; };
		2BA155B0257D0B9600B9EADA /* UrlSession+UrlSessionProtocol.swift */ = {isa = PBXFileReference; fileEncoding = 4; lastKnownFileType = sourcecode.swift; path = "UrlSession+UrlSessionProtocol.swift"; sourceTree = "<group>"; };
		2BA155B1257D0B9600B9EADA /* String+Utils.swift */ = {isa = PBXFileReference; fileEncoding = 4; lastKnownFileType = sourcecode.swift; path = "String+Utils.swift"; sourceTree = "<group>"; };
		2BA155B2257D0B9600B9EADA /* UrlSessionDataTask+Protocol.swift */ = {isa = PBXFileReference; fileEncoding = 4; lastKnownFileType = sourcecode.swift; path = "UrlSessionDataTask+Protocol.swift"; sourceTree = "<group>"; };
		2BA155B4257D0B9600B9EADA /* Dispatcher.swift */ = {isa = PBXFileReference; fileEncoding = 4; lastKnownFileType = sourcecode.swift; path = Dispatcher.swift; sourceTree = "<group>"; };
		2BA155B5257D0B9600B9EADA /* NetworkContextProtocol.swift */ = {isa = PBXFileReference; fileEncoding = 4; lastKnownFileType = sourcecode.swift; path = NetworkContextProtocol.swift; sourceTree = "<group>"; };
		2BA155B6257D0B9600B9EADA /* NetworkConfigurationProtocol.swift */ = {isa = PBXFileReference; fileEncoding = 4; lastKnownFileType = sourcecode.swift; path = NetworkConfigurationProtocol.swift; sourceTree = "<group>"; };
		2BA155B7257D0B9600B9EADA /* Presenter.swift */ = {isa = PBXFileReference; fileEncoding = 4; lastKnownFileType = sourcecode.swift; path = Presenter.swift; sourceTree = "<group>"; };
		2BA155B8257D0B9600B9EADA /* Cancellable.swift */ = {isa = PBXFileReference; fileEncoding = 4; lastKnownFileType = sourcecode.swift; path = Cancellable.swift; sourceTree = "<group>"; };
		2BA155B9257D0B9600B9EADA /* UrlSessionProtocol.swift */ = {isa = PBXFileReference; fileEncoding = 4; lastKnownFileType = sourcecode.swift; path = UrlSessionProtocol.swift; sourceTree = "<group>"; };
		2BA155BA257D0B9600B9EADA /* ImagesCacheProtocol.swift */ = {isa = PBXFileReference; fileEncoding = 4; lastKnownFileType = sourcecode.swift; path = ImagesCacheProtocol.swift; sourceTree = "<group>"; };
		2BA155BB257D0B9600B9EADA /* UrlSessionDataTaskProtocol.swift */ = {isa = PBXFileReference; fileEncoding = 4; lastKnownFileType = sourcecode.swift; path = UrlSessionDataTaskProtocol.swift; sourceTree = "<group>"; };
		2BA155DA257D0E8500B9EADA /* PokeListCellViewModel.swift */ = {isa = PBXFileReference; fileEncoding = 4; lastKnownFileType = sourcecode.swift; path = PokeListCellViewModel.swift; sourceTree = "<group>"; };
		2BA155DF257D0E9A00B9EADA /* PokeListCellView.swift */ = {isa = PBXFileReference; lastKnownFileType = sourcecode.swift; path = PokeListCellView.swift; sourceTree = "<group>"; };
		2BA155E5257D157800B9EADA /* Color+Definitions.swift */ = {isa = PBXFileReference; lastKnownFileType = sourcecode.swift; path = "Color+Definitions.swift"; sourceTree = "<group>"; };
		2BA155ED257D158800B9EADA /* Font+Definitions.swift */ = {isa = PBXFileReference; lastKnownFileType = sourcecode.swift; path = "Font+Definitions.swift"; sourceTree = "<group>"; };
		2BA155F4257D16E500B9EADA /* Signika-Light.ttf */ = {isa = PBXFileReference; lastKnownFileType = file; path = "Signika-Light.ttf"; sourceTree = "<group>"; };
		2BA155F5257D16E500B9EADA /* Signika-Regular.ttf */ = {isa = PBXFileReference; lastKnownFileType = file; path = "Signika-Regular.ttf"; sourceTree = "<group>"; };
		2BA155F6257D16E500B9EADA /* Signika-SemiBold.ttf */ = {isa = PBXFileReference; lastKnownFileType = file; path = "Signika-SemiBold.ttf"; sourceTree = "<group>"; };
		2BA155FD257D1B6C00B9EADA /* Image+Data.swift */ = {isa = PBXFileReference; lastKnownFileType = sourcecode.swift; path = "Image+Data.swift"; sourceTree = "<group>"; };
		2BA15602257D1DBE00B9EADA /* CGFloat+Definitions.swift */ = {isa = PBXFileReference; lastKnownFileType = sourcecode.swift; path = "CGFloat+Definitions.swift"; sourceTree = "<group>"; };
		2BA15607257D4FC200B9EADA /* View+Hide.swift */ = {isa = PBXFileReference; lastKnownFileType = sourcecode.swift; path = "View+Hide.swift"; sourceTree = "<group>"; };
		2BA1560E257D531800B9EADA /* PokeDetailCoordinator.swift */ = {isa = PBXFileReference; fileEncoding = 4; lastKnownFileType = sourcecode.swift; path = PokeDetailCoordinator.swift; sourceTree = "<group>"; };
		2BA15611257D531800B9EADA /* PokeSlotViewModel.swift */ = {isa = PBXFileReference; fileEncoding = 4; lastKnownFileType = sourcecode.swift; path = PokeSlotViewModel.swift; sourceTree = "<group>"; };
		2BA15614257D531800B9EADA /* PokeInfoViewModel.swift */ = {isa = PBXFileReference; fileEncoding = 4; lastKnownFileType = sourcecode.swift; path = PokeInfoViewModel.swift; sourceTree = "<group>"; };
		2BA15618257D531800B9EADA /* PokeImageViewModel.swift */ = {isa = PBXFileReference; fileEncoding = 4; lastKnownFileType = sourcecode.swift; path = PokeImageViewModel.swift; sourceTree = "<group>"; };
		2BA1561A257D531900B9EADA /* PokeDetailViewModel.swift */ = {isa = PBXFileReference; fileEncoding = 4; lastKnownFileType = sourcecode.swift; path = PokeDetailViewModel.swift; sourceTree = "<group>"; };
		2BA1562A257D534200B9EADA /* PokeDetailView.swift */ = {isa = PBXFileReference; lastKnownFileType = sourcecode.swift; path = PokeDetailView.swift; sourceTree = "<group>"; };
		2BAB132F257D013C00C9F0B5 /* PokeListCoordinator.swift */ = {isa = PBXFileReference; fileEncoding = 4; lastKnownFileType = sourcecode.swift; path = PokeListCoordinator.swift; sourceTree = "<group>"; };
		2BAB1339257D013C00C9F0B5 /* PokeListViewModel.swift */ = {isa = PBXFileReference; fileEncoding = 4; lastKnownFileType = sourcecode.swift; path = PokeListViewModel.swift; sourceTree = "<group>"; };
		2BAB133A257D013C00C9F0B5 /* PokeListView.swift */ = {isa = PBXFileReference; fileEncoding = 4; lastKnownFileType = sourcecode.swift; path = PokeListView.swift; sourceTree = "<group>"; };
/* End PBXFileReference section */

/* Begin PBXFrameworksBuildPhase section */
		2B34DFAB257CFFA20004CEF4 /* Frameworks */ = {
			isa = PBXFrameworksBuildPhase;
			buildActionMask = 2147483647;
			files = (
			);
			runOnlyForDeploymentPostprocessing = 0;
		};
		2B34DFBC257CFFA40004CEF4 /* Frameworks */ = {
			isa = PBXFrameworksBuildPhase;
			buildActionMask = 2147483647;
			files = (
			);
			runOnlyForDeploymentPostprocessing = 0;
		};
		2B34DFC7257CFFA40004CEF4 /* Frameworks */ = {
			isa = PBXFrameworksBuildPhase;
			buildActionMask = 2147483647;
			files = (
			);
			runOnlyForDeploymentPostprocessing = 0;
		};
/* End PBXFrameworksBuildPhase section */

/* Begin PBXGroup section */
		2B34DFA5257CFFA20004CEF4 = {
			isa = PBXGroup;
			children = (
				2B34DFB0257CFFA20004CEF4 /* Pokedex-SwiftUI */,
				2B34DFC2257CFFA40004CEF4 /* Pokedex-SwiftUITests */,
				2B34DFCD257CFFA40004CEF4 /* Pokedex-SwiftUIUITests */,
				2B34DFAF257CFFA20004CEF4 /* Products */,
			);
			sourceTree = "<group>";
		};
		2B34DFAF257CFFA20004CEF4 /* Products */ = {
			isa = PBXGroup;
			children = (
				2B34DFAE257CFFA20004CEF4 /* Pokedex-SwiftUI.app */,
				2B34DFBF257CFFA40004CEF4 /* Pokedex-SwiftUITests.xctest */,
				2B34DFCA257CFFA40004CEF4 /* Pokedex-SwiftUIUITests.xctest */,
			);
			name = Products;
			sourceTree = "<group>";
		};
		2B34DFB0257CFFA20004CEF4 /* Pokedex-SwiftUI */ = {
			isa = PBXGroup;
			children = (
				2B34DFB1257CFFA20004CEF4 /* Pokedex_SwiftUIApp.swift */,
				2BA1560C257D52A900B9EADA /* Sections */,
				2BA155F2257D16E500B9EADA /* Resources */,
				2BA155B3257D0B9600B9EADA /* Definitions */,
				2BA155A7257D0B9600B9EADA /* Utils */,
				2BA15587257D0B5600B9EADA /* Network */,
				2B34DFB5257CFFA30004CEF4 /* Assets.xcassets */,
				2B34DFBA257CFFA30004CEF4 /* Info.plist */,
				2B34DFB7257CFFA30004CEF4 /* Preview Content */,
			);
			path = "Pokedex-SwiftUI";
			sourceTree = "<group>";
		};
		2B34DFB7257CFFA30004CEF4 /* Preview Content */ = {
			isa = PBXGroup;
			children = (
				2B34DFB8257CFFA30004CEF4 /* Preview Assets.xcassets */,
			);
			path = "Preview Content";
			sourceTree = "<group>";
		};
		2B34DFC2257CFFA40004CEF4 /* Pokedex-SwiftUITests */ = {
			isa = PBXGroup;
			children = (
				2B34DFC3257CFFA40004CEF4 /* Pokedex_SwiftUITests.swift */,
				2B34DFC5257CFFA40004CEF4 /* Info.plist */,
			);
			path = "Pokedex-SwiftUITests";
			sourceTree = "<group>";
		};
		2B34DFCD257CFFA40004CEF4 /* Pokedex-SwiftUIUITests */ = {
			isa = PBXGroup;
			children = (
				2B34DFCE257CFFA40004CEF4 /* Pokedex_SwiftUIUITests.swift */,
				2B34DFD0257CFFA40004CEF4 /* Info.plist */,
			);
			path = "Pokedex-SwiftUIUITests";
			sourceTree = "<group>";
		};
		2BA15587257D0B5600B9EADA /* Network */ = {
			isa = PBXGroup;
			children = (
				2BA15588257D0B5600B9EADA /* ImagesCache.swift */,
				2BA15589257D0B5600B9EADA /* Models */,
				2BA15592257D0B5600B9EADA /* Requests */,
				2BA15594257D0B5600B9EADA /* NetworkContext.swift */,
				2BA15595257D0B5600B9EADA /* NetworkError.swift */,
				2BA15596257D0B5600B9EADA /* NetworkConfiguration.swift */,
			);
			path = Network;
			sourceTree = "<group>";
		};
		2BA15589257D0B5600B9EADA /* Models */ = {
			isa = PBXGroup;
			children = (
				2BA1558A257D0B5600B9EADA /* PokeDetail.swift */,
				2BA1558B257D0B5600B9EADA /* PokeStat.swift */,
				2BA1558C257D0B5600B9EADA /* PokePreview.swift */,
				2BA1558D257D0B5600B9EADA /* PokeImage.swift */,
				2BA1558E257D0B5600B9EADA /* PokeResource.swift */,
				2BA1558F257D0B5600B9EADA /* PokeAbility.swift */,
				2BA15590257D0B5600B9EADA /* PokeType.swift */,
				2BA15591257D0B5600B9EADA /* PokePreviewList.swift */,
			);
			path = Models;
			sourceTree = "<group>";
		};
		2BA15592257D0B5600B9EADA /* Requests */ = {
			isa = PBXGroup;
			children = (
				2BA15593257D0B5600B9EADA /* Request.swift */,
			);
			path = Requests;
			sourceTree = "<group>";
		};
		2BA155A7257D0B9600B9EADA /* Utils */ = {
			isa = PBXGroup;
			children = (
				2BA155E4257D156800B9EADA /* SwiftUI */,
				2BA155A8257D0B9600B9EADA /* Global.swift */,
				2BA155A9257D0B9600B9EADA /* Dispatchers */,
				2BA155AB257D0B9600B9EADA /* Extensions */,
			);
			path = Utils;
			sourceTree = "<group>";
		};
		2BA155A9257D0B9600B9EADA /* Dispatchers */ = {
			isa = PBXGroup;
			children = (
				2BA155AA257D0B9600B9EADA /* MainQueueDispatcher.swift */,
			);
			path = Dispatchers;
			sourceTree = "<group>";
		};
		2BA155AB257D0B9600B9EADA /* Extensions */ = {
			isa = PBXGroup;
			children = (
				2BA155AC257D0B9600B9EADA /* UIWindow+Presenter.swift */,
				2BA155AD257D0B9600B9EADA /* UIViewController+Present.swift */,
				2BA155AE257D0B9600B9EADA /* UINavigationController+Present.swift */,
				2BA155AF257D0B9600B9EADA /* UIAlertController+Error.swift */,
				2BA155B0257D0B9600B9EADA /* UrlSession+UrlSessionProtocol.swift */,
				2BA155B1257D0B9600B9EADA /* String+Utils.swift */,
				2BA155B2257D0B9600B9EADA /* UrlSessionDataTask+Protocol.swift */,
			);
			path = Extensions;
			sourceTree = "<group>";
		};
		2BA155B3257D0B9600B9EADA /* Definitions */ = {
			isa = PBXGroup;
			children = (
				2BA155B4257D0B9600B9EADA /* Dispatcher.swift */,
				2BA155B5257D0B9600B9EADA /* NetworkContextProtocol.swift */,
				2BA155B6257D0B9600B9EADA /* NetworkConfigurationProtocol.swift */,
				2BA155B7257D0B9600B9EADA /* Presenter.swift */,
				2BA155B8257D0B9600B9EADA /* Cancellable.swift */,
				2BA155B9257D0B9600B9EADA /* UrlSessionProtocol.swift */,
				2BA155BA257D0B9600B9EADA /* ImagesCacheProtocol.swift */,
				2BA155BB257D0B9600B9EADA /* UrlSessionDataTaskProtocol.swift */,
			);
			path = Definitions;
			sourceTree = "<group>";
		};
		2BA155D9257D0E4D00B9EADA /* PokeListCell */ = {
			isa = PBXGroup;
			children = (
				2BA155DA257D0E8500B9EADA /* PokeListCellViewModel.swift */,
				2BA155DF257D0E9A00B9EADA /* PokeListCellView.swift */,
			);
			path = PokeListCell;
			sourceTree = "<group>";
		};
		2BA155E4257D156800B9EADA /* SwiftUI */ = {
			isa = PBXGroup;
			children = (
				2BA155E5257D157800B9EADA /* Color+Definitions.swift */,
				2BA15602257D1DBE00B9EADA /* CGFloat+Definitions.swift */,
				2BA155ED257D158800B9EADA /* Font+Definitions.swift */,
				2BA155FD257D1B6C00B9EADA /* Image+Data.swift */,
				2BA15607257D4FC200B9EADA /* View+Hide.swift */,
			);
			path = SwiftUI;
			sourceTree = "<group>";
		};
		2BA155F2257D16E500B9EADA /* Resources */ = {
			isa = PBXGroup;
			children = (
				2BA155F3257D16E500B9EADA /* Fonts */,
			);
			path = Resources;
			sourceTree = "<group>";
		};
		2BA155F3257D16E500B9EADA /* Fonts */ = {
			isa = PBXGroup;
			children = (
				2BA155F4257D16E500B9EADA /* Signika-Light.ttf */,
				2BA155F5257D16E500B9EADA /* Signika-Regular.ttf */,
				2BA155F6257D16E500B9EADA /* Signika-SemiBold.ttf */,
			);
			path = Fonts;
			sourceTree = "<group>";
		};
		2BA1560C257D52A900B9EADA /* Sections */ = {
			isa = PBXGroup;
			children = (
				2BAB132E257D00C900C9F0B5 /* PokeList */,
				2BA1560D257D52C300B9EADA /* PokeDetail */,
			);
			path = Sections;
			sourceTree = "<group>";
		};
		2BA1560D257D52C300B9EADA /* PokeDetail */ = {
			isa = PBXGroup;
			children = (
				2BA1560E257D531800B9EADA /* PokeDetailCoordinator.swift */,
				2BA1561A257D531900B9EADA /* PokeDetailViewModel.swift */,
				2BA1562A257D534200B9EADA /* PokeDetailView.swift */,
				2BA1560F257D531800B9EADA /* Views */,
			);
			path = PokeDetail;
			sourceTree = "<group>";
		};
		2BA1560F257D531800B9EADA /* Views */ = {
			isa = PBXGroup;
			children = (
				2BA15610257D531800B9EADA /* PokeSlowView */,
				2BA15613257D531800B9EADA /* PokeAbilityView */,
				2BA15616257D531800B9EADA /* PokeImageView */,
			);
			path = Views;
			sourceTree = "<group>";
		};
		2BA15610257D531800B9EADA /* PokeSlowView */ = {
			isa = PBXGroup;
			children = (
				2BA15611257D531800B9EADA /* PokeSlotViewModel.swift */,
			);
			path = PokeSlowView;
			sourceTree = "<group>";
		};
		2BA15613257D531800B9EADA /* PokeAbilityView */ = {
			isa = PBXGroup;
			children = (
				2BA15614257D531800B9EADA /* PokeInfoViewModel.swift */,
			);
			path = PokeAbilityView;
			sourceTree = "<group>";
		};
		2BA15616257D531800B9EADA /* PokeImageView */ = {
			isa = PBXGroup;
			children = (
				2BA15618257D531800B9EADA /* PokeImageViewModel.swift */,
			);
			path = PokeImageView;
			sourceTree = "<group>";
		};
		2BAB132E257D00C900C9F0B5 /* PokeList */ = {
			isa = PBXGroup;
			children = (
				2BA155D9257D0E4D00B9EADA /* PokeListCell */,
				2BAB132F257D013C00C9F0B5 /* PokeListCoordinator.swift */,
				2BAB133A257D013C00C9F0B5 /* PokeListView.swift */,
				2BAB1339257D013C00C9F0B5 /* PokeListViewModel.swift */,
			);
			path = PokeList;
			sourceTree = "<group>";
		};
/* End PBXGroup section */

/* Begin PBXNativeTarget section */
		2B34DFAD257CFFA20004CEF4 /* Pokedex-SwiftUI */ = {
			isa = PBXNativeTarget;
			buildConfigurationList = 2B34DFD3257CFFA40004CEF4 /* Build configuration list for PBXNativeTarget "Pokedex-SwiftUI" */;
			buildPhases = (
				2B34DFAA257CFFA20004CEF4 /* Sources */,
				2B34DFAB257CFFA20004CEF4 /* Frameworks */,
				2B34DFAC257CFFA20004CEF4 /* Resources */,
			);
			buildRules = (
			);
			dependencies = (
			);
			name = "Pokedex-SwiftUI";
			productName = "Pokedex-SwiftUI";
			productReference = 2B34DFAE257CFFA20004CEF4 /* Pokedex-SwiftUI.app */;
			productType = "com.apple.product-type.application";
		};
		2B34DFBE257CFFA40004CEF4 /* Pokedex-SwiftUITests */ = {
			isa = PBXNativeTarget;
			buildConfigurationList = 2B34DFD6257CFFA40004CEF4 /* Build configuration list for PBXNativeTarget "Pokedex-SwiftUITests" */;
			buildPhases = (
				2B34DFBB257CFFA40004CEF4 /* Sources */,
				2B34DFBC257CFFA40004CEF4 /* Frameworks */,
				2B34DFBD257CFFA40004CEF4 /* Resources */,
			);
			buildRules = (
			);
			dependencies = (
				2B34DFC1257CFFA40004CEF4 /* PBXTargetDependency */,
			);
			name = "Pokedex-SwiftUITests";
			productName = "Pokedex-SwiftUITests";
			productReference = 2B34DFBF257CFFA40004CEF4 /* Pokedex-SwiftUITests.xctest */;
			productType = "com.apple.product-type.bundle.unit-test";
		};
		2B34DFC9257CFFA40004CEF4 /* Pokedex-SwiftUIUITests */ = {
			isa = PBXNativeTarget;
			buildConfigurationList = 2B34DFD9257CFFA40004CEF4 /* Build configuration list for PBXNativeTarget "Pokedex-SwiftUIUITests" */;
			buildPhases = (
				2B34DFC6257CFFA40004CEF4 /* Sources */,
				2B34DFC7257CFFA40004CEF4 /* Frameworks */,
				2B34DFC8257CFFA40004CEF4 /* Resources */,
			);
			buildRules = (
			);
			dependencies = (
				2B34DFCC257CFFA40004CEF4 /* PBXTargetDependency */,
			);
			name = "Pokedex-SwiftUIUITests";
			productName = "Pokedex-SwiftUIUITests";
			productReference = 2B34DFCA257CFFA40004CEF4 /* Pokedex-SwiftUIUITests.xctest */;
			productType = "com.apple.product-type.bundle.ui-testing";
		};
/* End PBXNativeTarget section */

/* Begin PBXProject section */
		2B34DFA6257CFFA20004CEF4 /* Project object */ = {
			isa = PBXProject;
			attributes = {
				LastSwiftUpdateCheck = 1220;
				LastUpgradeCheck = 1220;
				TargetAttributes = {
					2B34DFAD257CFFA20004CEF4 = {
						CreatedOnToolsVersion = 12.2;
					};
					2B34DFBE257CFFA40004CEF4 = {
						CreatedOnToolsVersion = 12.2;
						TestTargetID = 2B34DFAD257CFFA20004CEF4;
					};
					2B34DFC9257CFFA40004CEF4 = {
						CreatedOnToolsVersion = 12.2;
						TestTargetID = 2B34DFAD257CFFA20004CEF4;
					};
				};
			};
			buildConfigurationList = 2B34DFA9257CFFA20004CEF4 /* Build configuration list for PBXProject "Pokedex-SwiftUI" */;
			compatibilityVersion = "Xcode 9.3";
			developmentRegion = en;
			hasScannedForEncodings = 0;
			knownRegions = (
				en,
				Base,
			);
			mainGroup = 2B34DFA5257CFFA20004CEF4;
			productRefGroup = 2B34DFAF257CFFA20004CEF4 /* Products */;
			projectDirPath = "";
			projectRoot = "";
			targets = (
				2B34DFAD257CFFA20004CEF4 /* Pokedex-SwiftUI */,
				2B34DFBE257CFFA40004CEF4 /* Pokedex-SwiftUITests */,
				2B34DFC9257CFFA40004CEF4 /* Pokedex-SwiftUIUITests */,
			);
		};
/* End PBXProject section */

/* Begin PBXResourcesBuildPhase section */
		2B34DFAC257CFFA20004CEF4 /* Resources */ = {
			isa = PBXResourcesBuildPhase;
			buildActionMask = 2147483647;
			files = (
				2BA155F8257D16E500B9EADA /* Signika-Regular.ttf in Resources */,
				2B34DFB9257CFFA30004CEF4 /* Preview Assets.xcassets in Resources */,
				2B34DFB6257CFFA30004CEF4 /* Assets.xcassets in Resources */,
				2BA155F9257D16E500B9EADA /* Signika-SemiBold.ttf in Resources */,
				2BA155F7257D16E500B9EADA /* Signika-Light.ttf in Resources */,
			);
			runOnlyForDeploymentPostprocessing = 0;
		};
		2B34DFBD257CFFA40004CEF4 /* Resources */ = {
			isa = PBXResourcesBuildPhase;
			buildActionMask = 2147483647;
			files = (
			);
			runOnlyForDeploymentPostprocessing = 0;
		};
		2B34DFC8257CFFA40004CEF4 /* Resources */ = {
			isa = PBXResourcesBuildPhase;
			buildActionMask = 2147483647;
			files = (
			);
			runOnlyForDeploymentPostprocessing = 0;
		};
/* End PBXResourcesBuildPhase section */

/* Begin PBXSourcesBuildPhase section */
		2B34DFAA257CFFA20004CEF4 /* Sources */ = {
			isa = PBXSourcesBuildPhase;
			buildActionMask = 2147483647;
			files = (
				2BA155C6257D0B9600B9EADA /* NetworkContextProtocol.swift in Sources */,
				2BAB1341257D013C00C9F0B5 /* PokeListViewModel.swift in Sources */,
				2BA155C1257D0B9600B9EADA /* UIAlertController+Error.swift in Sources */,
				2BA155E0257D0E9A00B9EADA /* PokeListCellView.swift in Sources */,
				2BA155CB257D0B9600B9EADA /* ImagesCacheProtocol.swift in Sources */,
				2BA1559E257D0B5600B9EADA /* PokeType.swift in Sources */,
				2BA1559C257D0B5600B9EADA /* PokeResource.swift in Sources */,
				2BA15599257D0B5600B9EADA /* PokeStat.swift in Sources */,
				2BA155CA257D0B9600B9EADA /* UrlSessionProtocol.swift in Sources */,
				2BA155C9257D0B9600B9EADA /* Cancellable.swift in Sources */,
				2BA155BC257D0B9600B9EADA /* Global.swift in Sources */,
				2BA1562B257D534200B9EADA /* PokeDetailView.swift in Sources */,
				2BA155A1257D0B5600B9EADA /* NetworkContext.swift in Sources */,
				2BA155BE257D0B9600B9EADA /* UIWindow+Presenter.swift in Sources */,
				2BA155A2257D0B5600B9EADA /* NetworkError.swift in Sources */,
				2BA1559F257D0B5600B9EADA /* PokePreviewList.swift in Sources */,
				2BA155C2257D0B9600B9EADA /* UrlSession+UrlSessionProtocol.swift in Sources */,
				2BA1559D257D0B5600B9EADA /* PokeAbility.swift in Sources */,
				2BA155C8257D0B9600B9EADA /* Presenter.swift in Sources */,
				2BA155FE257D1B6C00B9EADA /* Image+Data.swift in Sources */,
				2BA15603257D1DBE00B9EADA /* CGFloat+Definitions.swift in Sources */,
				2BA1561B257D531900B9EADA /* PokeDetailCoordinator.swift in Sources */,
				2B34DFB2257CFFA20004CEF4 /* Pokedex_SwiftUIApp.swift in Sources */,
				2BA1561C257D531900B9EADA /* PokeSlotViewModel.swift in Sources */,
				2BA155BD257D0B9600B9EADA /* MainQueueDispatcher.swift in Sources */,
				2BAB1342257D013C00C9F0B5 /* PokeListView.swift in Sources */,
				2BAB133B257D013C00C9F0B5 /* PokeListCoordinator.swift in Sources */,
				2BA155CC257D0B9600B9EADA /* UrlSessionDataTaskProtocol.swift in Sources */,
				2BA155A3257D0B5600B9EADA /* NetworkConfiguration.swift in Sources */,
				2BA1559B257D0B5600B9EADA /* PokeImage.swift in Sources */,
				2BA155C4257D0B9600B9EADA /* UrlSessionDataTask+Protocol.swift in Sources */,
				2BA15621257D531900B9EADA /* PokeImageViewModel.swift in Sources */,
				2BA155DB257D0E8500B9EADA /* PokeListCellViewModel.swift in Sources */,
				2BA15623257D531900B9EADA /* PokeDetailViewModel.swift in Sources */,
				2BA155EE257D158800B9EADA /* Font+Definitions.swift in Sources */,
				2BA155C0257D0B9600B9EADA /* UINavigationController+Present.swift in Sources */,
				2BA1561E257D531900B9EADA /* PokeInfoViewModel.swift in Sources */,
				2BA155C3257D0B9600B9EADA /* String+Utils.swift in Sources */,
				2BA155C7257D0B9600B9EADA /* NetworkConfigurationProtocol.swift in Sources */,
				2BA15598257D0B5600B9EADA /* PokeDetail.swift in Sources */,
				2BA1559A257D0B5600B9EADA /* PokePreview.swift in Sources */,
				2BA15608257D4FC300B9EADA /* View+Hide.swift in Sources */,
				2BA155BF257D0B9600B9EADA /* UIViewController+Present.swift in Sources */,
				2BA155C5257D0B9600B9EADA /* Dispatcher.swift in Sources */,
				2BA155A0257D0B5600B9EADA /* Request.swift in Sources */,
				2BA15597257D0B5600B9EADA /* ImagesCache.swift in Sources */,
				2BA155E6257D157800B9EADA /* Color+Definitions.swift in Sources */,
			);
			runOnlyForDeploymentPostprocessing = 0;
		};
		2B34DFBB257CFFA40004CEF4 /* Sources */ = {
			isa = PBXSourcesBuildPhase;
			buildActionMask = 2147483647;
			files = (
				2B34DFC4257CFFA40004CEF4 /* Pokedex_SwiftUITests.swift in Sources */,
			);
			runOnlyForDeploymentPostprocessing = 0;
		};
		2B34DFC6257CFFA40004CEF4 /* Sources */ = {
			isa = PBXSourcesBuildPhase;
			buildActionMask = 2147483647;
			files = (
				2B34DFCF257CFFA40004CEF4 /* Pokedex_SwiftUIUITests.swift in Sources */,
			);
			runOnlyForDeploymentPostprocessing = 0;
		};
/* End PBXSourcesBuildPhase section */

/* Begin PBXTargetDependency section */
		2B34DFC1257CFFA40004CEF4 /* PBXTargetDependency */ = {
			isa = PBXTargetDependency;
			target = 2B34DFAD257CFFA20004CEF4 /* Pokedex-SwiftUI */;
			targetProxy = 2B34DFC0257CFFA40004CEF4 /* PBXContainerItemProxy */;
		};
		2B34DFCC257CFFA40004CEF4 /* PBXTargetDependency */ = {
			isa = PBXTargetDependency;
			target = 2B34DFAD257CFFA20004CEF4 /* Pokedex-SwiftUI */;
			targetProxy = 2B34DFCB257CFFA40004CEF4 /* PBXContainerItemProxy */;
		};
/* End PBXTargetDependency section */

/* Begin XCBuildConfiguration section */
		2B34DFD1257CFFA40004CEF4 /* Debug */ = {
			isa = XCBuildConfiguration;
			buildSettings = {
				ALWAYS_SEARCH_USER_PATHS = NO;
				CLANG_ANALYZER_NONNULL = YES;
				CLANG_ANALYZER_NUMBER_OBJECT_CONVERSION = YES_AGGRESSIVE;
				CLANG_CXX_LANGUAGE_STANDARD = "gnu++14";
				CLANG_CXX_LIBRARY = "libc++";
				CLANG_ENABLE_MODULES = YES;
				CLANG_ENABLE_OBJC_ARC = YES;
				CLANG_ENABLE_OBJC_WEAK = YES;
				CLANG_WARN_BLOCK_CAPTURE_AUTORELEASING = YES;
				CLANG_WARN_BOOL_CONVERSION = YES;
				CLANG_WARN_COMMA = YES;
				CLANG_WARN_CONSTANT_CONVERSION = YES;
				CLANG_WARN_DEPRECATED_OBJC_IMPLEMENTATIONS = YES;
				CLANG_WARN_DIRECT_OBJC_ISA_USAGE = YES_ERROR;
				CLANG_WARN_DOCUMENTATION_COMMENTS = YES;
				CLANG_WARN_EMPTY_BODY = YES;
				CLANG_WARN_ENUM_CONVERSION = YES;
				CLANG_WARN_INFINITE_RECURSION = YES;
				CLANG_WARN_INT_CONVERSION = YES;
				CLANG_WARN_NON_LITERAL_NULL_CONVERSION = YES;
				CLANG_WARN_OBJC_IMPLICIT_RETAIN_SELF = YES;
				CLANG_WARN_OBJC_LITERAL_CONVERSION = YES;
				CLANG_WARN_OBJC_ROOT_CLASS = YES_ERROR;
				CLANG_WARN_QUOTED_INCLUDE_IN_FRAMEWORK_HEADER = YES;
				CLANG_WARN_RANGE_LOOP_ANALYSIS = YES;
				CLANG_WARN_STRICT_PROTOTYPES = YES;
				CLANG_WARN_SUSPICIOUS_MOVE = YES;
				CLANG_WARN_UNGUARDED_AVAILABILITY = YES_AGGRESSIVE;
				CLANG_WARN_UNREACHABLE_CODE = YES;
				CLANG_WARN__DUPLICATE_METHOD_MATCH = YES;
				COPY_PHASE_STRIP = NO;
				DEBUG_INFORMATION_FORMAT = dwarf;
				ENABLE_STRICT_OBJC_MSGSEND = YES;
				ENABLE_TESTABILITY = YES;
				GCC_C_LANGUAGE_STANDARD = gnu11;
				GCC_DYNAMIC_NO_PIC = NO;
				GCC_NO_COMMON_BLOCKS = YES;
				GCC_OPTIMIZATION_LEVEL = 0;
				GCC_PREPROCESSOR_DEFINITIONS = (
					"DEBUG=1",
					"$(inherited)",
				);
				GCC_WARN_64_TO_32_BIT_CONVERSION = YES;
				GCC_WARN_ABOUT_RETURN_TYPE = YES_ERROR;
				GCC_WARN_UNDECLARED_SELECTOR = YES;
				GCC_WARN_UNINITIALIZED_AUTOS = YES_AGGRESSIVE;
				GCC_WARN_UNUSED_FUNCTION = YES;
				GCC_WARN_UNUSED_VARIABLE = YES;
				IPHONEOS_DEPLOYMENT_TARGET = 14.2;
				MTL_ENABLE_DEBUG_INFO = INCLUDE_SOURCE;
				MTL_FAST_MATH = YES;
				ONLY_ACTIVE_ARCH = YES;
				SDKROOT = iphoneos;
				SWIFT_ACTIVE_COMPILATION_CONDITIONS = DEBUG;
				SWIFT_OPTIMIZATION_LEVEL = "-Onone";
			};
			name = Debug;
		};
		2B34DFD2257CFFA40004CEF4 /* Release */ = {
			isa = XCBuildConfiguration;
			buildSettings = {
				ALWAYS_SEARCH_USER_PATHS = NO;
				CLANG_ANALYZER_NONNULL = YES;
				CLANG_ANALYZER_NUMBER_OBJECT_CONVERSION = YES_AGGRESSIVE;
				CLANG_CXX_LANGUAGE_STANDARD = "gnu++14";
				CLANG_CXX_LIBRARY = "libc++";
				CLANG_ENABLE_MODULES = YES;
				CLANG_ENABLE_OBJC_ARC = YES;
				CLANG_ENABLE_OBJC_WEAK = YES;
				CLANG_WARN_BLOCK_CAPTURE_AUTORELEASING = YES;
				CLANG_WARN_BOOL_CONVERSION = YES;
				CLANG_WARN_COMMA = YES;
				CLANG_WARN_CONSTANT_CONVERSION = YES;
				CLANG_WARN_DEPRECATED_OBJC_IMPLEMENTATIONS = YES;
				CLANG_WARN_DIRECT_OBJC_ISA_USAGE = YES_ERROR;
				CLANG_WARN_DOCUMENTATION_COMMENTS = YES;
				CLANG_WARN_EMPTY_BODY = YES;
				CLANG_WARN_ENUM_CONVERSION = YES;
				CLANG_WARN_INFINITE_RECURSION = YES;
				CLANG_WARN_INT_CONVERSION = YES;
				CLANG_WARN_NON_LITERAL_NULL_CONVERSION = YES;
				CLANG_WARN_OBJC_IMPLICIT_RETAIN_SELF = YES;
				CLANG_WARN_OBJC_LITERAL_CONVERSION = YES;
				CLANG_WARN_OBJC_ROOT_CLASS = YES_ERROR;
				CLANG_WARN_QUOTED_INCLUDE_IN_FRAMEWORK_HEADER = YES;
				CLANG_WARN_RANGE_LOOP_ANALYSIS = YES;
				CLANG_WARN_STRICT_PROTOTYPES = YES;
				CLANG_WARN_SUSPICIOUS_MOVE = YES;
				CLANG_WARN_UNGUARDED_AVAILABILITY = YES_AGGRESSIVE;
				CLANG_WARN_UNREACHABLE_CODE = YES;
				CLANG_WARN__DUPLICATE_METHOD_MATCH = YES;
				COPY_PHASE_STRIP = NO;
				DEBUG_INFORMATION_FORMAT = "dwarf-with-dsym";
				ENABLE_NS_ASSERTIONS = NO;
				ENABLE_STRICT_OBJC_MSGSEND = YES;
				GCC_C_LANGUAGE_STANDARD = gnu11;
				GCC_NO_COMMON_BLOCKS = YES;
				GCC_WARN_64_TO_32_BIT_CONVERSION = YES;
				GCC_WARN_ABOUT_RETURN_TYPE = YES_ERROR;
				GCC_WARN_UNDECLARED_SELECTOR = YES;
				GCC_WARN_UNINITIALIZED_AUTOS = YES_AGGRESSIVE;
				GCC_WARN_UNUSED_FUNCTION = YES;
				GCC_WARN_UNUSED_VARIABLE = YES;
				IPHONEOS_DEPLOYMENT_TARGET = 14.2;
				MTL_ENABLE_DEBUG_INFO = NO;
				MTL_FAST_MATH = YES;
				SDKROOT = iphoneos;
				SWIFT_COMPILATION_MODE = wholemodule;
				SWIFT_OPTIMIZATION_LEVEL = "-O";
				VALIDATE_PRODUCT = YES;
			};
			name = Release;
		};
		2B34DFD4257CFFA40004CEF4 /* Debug */ = {
			isa = XCBuildConfiguration;
			buildSettings = {
				ASSETCATALOG_COMPILER_APPICON_NAME = AppIcon;
				ASSETCATALOG_COMPILER_GLOBAL_ACCENT_COLOR_NAME = AccentColor;
				CODE_SIGN_STYLE = Automatic;
				DEVELOPMENT_ASSET_PATHS = "\"Pokedex-SwiftUI/Preview Content\"";
				ENABLE_PREVIEWS = YES;
				INFOPLIST_FILE = "Pokedex-SwiftUI/Info.plist";
				IPHONEOS_DEPLOYMENT_TARGET = 14.0;
				LD_RUNPATH_SEARCH_PATHS = (
					"$(inherited)",
					"@executable_path/Frameworks",
				);
				PRODUCT_BUNDLE_IDENTIFIER = "com.catania.Pokedex-SwiftUI";
				PRODUCT_NAME = "$(TARGET_NAME)";
				SWIFT_VERSION = 5.0;
				TARGETED_DEVICE_FAMILY = "1,2";
			};
			name = Debug;
		};
		2B34DFD5257CFFA40004CEF4 /* Release */ = {
			isa = XCBuildConfiguration;
			buildSettings = {
				ASSETCATALOG_COMPILER_APPICON_NAME = AppIcon;
				ASSETCATALOG_COMPILER_GLOBAL_ACCENT_COLOR_NAME = AccentColor;
				CODE_SIGN_STYLE = Automatic;
				DEVELOPMENT_ASSET_PATHS = "\"Pokedex-SwiftUI/Preview Content\"";
				ENABLE_PREVIEWS = YES;
				INFOPLIST_FILE = "Pokedex-SwiftUI/Info.plist";
				IPHONEOS_DEPLOYMENT_TARGET = 14.0;
				LD_RUNPATH_SEARCH_PATHS = (
					"$(inherited)",
					"@executable_path/Frameworks",
				);
				PRODUCT_BUNDLE_IDENTIFIER = "com.catania.Pokedex-SwiftUI";
				PRODUCT_NAME = "$(TARGET_NAME)";
				SWIFT_VERSION = 5.0;
				TARGETED_DEVICE_FAMILY = "1,2";
			};
			name = Release;
		};
		2B34DFD7257CFFA40004CEF4 /* Debug */ = {
			isa = XCBuildConfiguration;
			buildSettings = {
				ALWAYS_EMBED_SWIFT_STANDARD_LIBRARIES = YES;
				BUNDLE_LOADER = "$(TEST_HOST)";
				CODE_SIGN_STYLE = Automatic;
				INFOPLIST_FILE = "Pokedex-SwiftUITests/Info.plist";
				IPHONEOS_DEPLOYMENT_TARGET = 14.0;
				LD_RUNPATH_SEARCH_PATHS = (
					"$(inherited)",
					"@executable_path/Frameworks",
					"@loader_path/Frameworks",
				);
				PRODUCT_BUNDLE_IDENTIFIER = "com.catania.Pokedex-SwiftUITests";
				PRODUCT_NAME = "$(TARGET_NAME)";
				SWIFT_VERSION = 5.0;
				TARGETED_DEVICE_FAMILY = "1,2";
				TEST_HOST = "$(BUILT_PRODUCTS_DIR)/Pokedex-SwiftUI.app/Pokedex-SwiftUI";
			};
			name = Debug;
		};
		2B34DFD8257CFFA40004CEF4 /* Release */ = {
			isa = XCBuildConfiguration;
			buildSettings = {
				ALWAYS_EMBED_SWIFT_STANDARD_LIBRARIES = YES;
				BUNDLE_LOADER = "$(TEST_HOST)";
				CODE_SIGN_STYLE = Automatic;
				INFOPLIST_FILE = "Pokedex-SwiftUITests/Info.plist";
				IPHONEOS_DEPLOYMENT_TARGET = 14.0;
				LD_RUNPATH_SEARCH_PATHS = (
					"$(inherited)",
					"@executable_path/Frameworks",
					"@loader_path/Frameworks",
				);
				PRODUCT_BUNDLE_IDENTIFIER = "com.catania.Pokedex-SwiftUITests";
				PRODUCT_NAME = "$(TARGET_NAME)";
				SWIFT_VERSION = 5.0;
				TARGETED_DEVICE_FAMILY = "1,2";
				TEST_HOST = "$(BUILT_PRODUCTS_DIR)/Pokedex-SwiftUI.app/Pokedex-SwiftUI";
			};
			name = Release;
		};
		2B34DFDA257CFFA40004CEF4 /* Debug */ = {
			isa = XCBuildConfiguration;
			buildSettings = {
				ALWAYS_EMBED_SWIFT_STANDARD_LIBRARIES = YES;
				CODE_SIGN_STYLE = Automatic;
				INFOPLIST_FILE = "Pokedex-SwiftUIUITests/Info.plist";
				LD_RUNPATH_SEARCH_PATHS = (
					"$(inherited)",
					"@executable_path/Frameworks",
					"@loader_path/Frameworks",
				);
				PRODUCT_BUNDLE_IDENTIFIER = "com.catania.Pokedex-SwiftUIUITests";
				PRODUCT_NAME = "$(TARGET_NAME)";
				SWIFT_VERSION = 5.0;
				TARGETED_DEVICE_FAMILY = "1,2";
				TEST_TARGET_NAME = "Pokedex-SwiftUI";
			};
			name = Debug;
		};
		2B34DFDB257CFFA40004CEF4 /* Release */ = {
			isa = XCBuildConfiguration;
			buildSettings = {
				ALWAYS_EMBED_SWIFT_STANDARD_LIBRARIES = YES;
				CODE_SIGN_STYLE = Automatic;
				INFOPLIST_FILE = "Pokedex-SwiftUIUITests/Info.plist";
				LD_RUNPATH_SEARCH_PATHS = (
					"$(inherited)",
					"@executable_path/Frameworks",
					"@loader_path/Frameworks",
				);
				PRODUCT_BUNDLE_IDENTIFIER = "com.catania.Pokedex-SwiftUIUITests";
				PRODUCT_NAME = "$(TARGET_NAME)";
				SWIFT_VERSION = 5.0;
				TARGETED_DEVICE_FAMILY = "1,2";
				TEST_TARGET_NAME = "Pokedex-SwiftUI";
			};
			name = Release;
		};
/* End XCBuildConfiguration section */

/* Begin XCConfigurationList section */
		2B34DFA9257CFFA20004CEF4 /* Build configuration list for PBXProject "Pokedex-SwiftUI" */ = {
			isa = XCConfigurationList;
			buildConfigurations = (
				2B34DFD1257CFFA40004CEF4 /* Debug */,
				2B34DFD2257CFFA40004CEF4 /* Release */,
			);
			defaultConfigurationIsVisible = 0;
			defaultConfigurationName = Release;
		};
		2B34DFD3257CFFA40004CEF4 /* Build configuration list for PBXNativeTarget "Pokedex-SwiftUI" */ = {
			isa = XCConfigurationList;
			buildConfigurations = (
				2B34DFD4257CFFA40004CEF4 /* Debug */,
				2B34DFD5257CFFA40004CEF4 /* Release */,
			);
			defaultConfigurationIsVisible = 0;
			defaultConfigurationName = Release;
		};
		2B34DFD6257CFFA40004CEF4 /* Build configuration list for PBXNativeTarget "Pokedex-SwiftUITests" */ = {
			isa = XCConfigurationList;
			buildConfigurations = (
				2B34DFD7257CFFA40004CEF4 /* Debug */,
				2B34DFD8257CFFA40004CEF4 /* Release */,
			);
			defaultConfigurationIsVisible = 0;
			defaultConfigurationName = Release;
		};
		2B34DFD9257CFFA40004CEF4 /* Build configuration list for PBXNativeTarget "Pokedex-SwiftUIUITests" */ = {
			isa = XCConfigurationList;
			buildConfigurations = (
				2B34DFDA257CFFA40004CEF4 /* Debug */,
				2B34DFDB257CFFA40004CEF4 /* Release */,
			);
			defaultConfigurationIsVisible = 0;
			defaultConfigurationName = Release;
		};
/* End XCConfigurationList section */
	};
	rootObject = 2B34DFA6257CFFA20004CEF4 /* Project object */;
}
